
Microsoft Visual Studio Solution File, Format Version 12.00
# Visual Studio Version 16
VisualStudioVersion = 16.0.34031.81
MinimumVisualStudioVersion = 10.0.40219.1
Project("{2150E333-8FDC-42A3-9474-1A3956D46DE8}") = "Task6", "Task6", "{93CAF8B3-130E-4C20-8D67-F2FE51FBFC05}"
EndProject
Project("{FAE04EC0-301F-11D3-BF4B-00C04F79EFBC}") = "Tyuiu.FaizullinDR.Sprint0.Task6.V0", "Tyuiu.FaizullinDR.Sprint0.Task6.V0\Tyuiu.FaizullinDR.Sprint0.Task6.V0.csproj", "{7CAA1D5B-8F7D-4DE4-89B1-D354415BF2F1}"
EndProject
Project("{FAE04EC0-301F-11D3-BF4B-00C04F79EFBC}") = "Tyuiu.FaizullinDR.Sprint0.Task6.V0.Lib", "Tyuiu.FaizullinDR.Sprint0.Task6.V0.Lib\Tyuiu.FaizullinDR.Sprint0.Task6.V0.Lib.csproj", "{3A00688E-54CF-453C-B026-BE81F120D1A8}"
EndProject
Project("{FAE04EC0-301F-11D3-BF4B-00C04F79EFBC}") = "Tyuiu.FaizullinDR.Sprint0.Task6.V0.Test", "Tyuiu.FaizullinDR.Sprint0.Task6.V0.Test\Tyuiu.FaizullinDR.Sprint0.Task6.V0.Test.csproj", "{C447F229-0358-460F-8101-5A4A0BBFE860}"
EndProject
Project("{2150E333-8FDC-42A3-9474-1A3956D46DE8}") = "Task7", "Task7", "{D8FF2361-B948-4C35-8253-C0A1246AB34E}"
EndProject
Project("{FAE04EC0-301F-11D3-BF4B-00C04F79EFBC}") = "Tyuiu.FaizullinDR.Sprint0.Task7.V0", "Tyuiu.FaizullinDR.Sprint0.V0\Tyuiu.FaizullinDR.Sprint0.Task7.V0.csproj", "{330365C1-0F30-47E9-8429-1701084D4A41}"
EndProject
Project("{FAE04EC0-301F-11D3-BF4B-00C04F79EFBC}") = "Tyuiu.FaizullinDR.Sprint0.Task7.V0.Lib", "Tyuiu.FaizullinDR.Sprint0.Task7.V0.Lib\Tyuiu.FaizullinDR.Sprint0.Task7.V0.Lib.csproj", "{3DCE6742-16A8-4BD6-8516-E3732F254228}"
EndProject
Project("{FAE04EC0-301F-11D3-BF4B-00C04F79EFBC}") = "Tyuiu.FaizullinDR.Sprint0.Task7.V0.Test", "Tyuiu.FaizullinDR.Sprint0.Task7.V0.Test\Tyuiu.FaizullinDR.Sprint0.Task7.V0.Test.csproj", "{AE0D3761-42DC-42AE-9DAC-D36E24C5118B}"
EndProject
Global
	GlobalSection(SolutionConfigurationPlatforms) = preSolution
		Debug|Any CPU = Debug|Any CPU
		Release|Any CPU = Release|Any CPU
	EndGlobalSection
	GlobalSection(ProjectConfigurationPlatforms) = postSolution
		{7CAA1D5B-8F7D-4DE4-89B1-D354415BF2F1}.Debug|Any CPU.ActiveCfg = Debug|Any CPU
		{7CAA1D5B-8F7D-4DE4-89B1-D354415BF2F1}.Debug|Any CPU.Build.0 = Debug|Any CPU
		{7CAA1D5B-8F7D-4DE4-89B1-D354415BF2F1}.Release|Any CPU.ActiveCfg = Release|Any CPU
		{7CAA1D5B-8F7D-4DE4-89B1-D354415BF2F1}.Release|Any CPU.Build.0 = Release|Any CPU
		{3A00688E-54CF-453C-B026-BE81F120D1A8}.Debug|Any CPU.ActiveCfg = Debug|Any CPU
		{3A00688E-54CF-453C-B026-BE81F120D1A8}.Debug|Any CPU.Build.0 = Debug|Any CPU
		{3A00688E-54CF-453C-B026-BE81F120D1A8}.Release|Any CPU.ActiveCfg = Release|Any CPU
		{3A00688E-54CF-453C-B026-BE81F120D1A8}.Release|Any CPU.Build.0 = Release|Any CPU
		{C447F229-0358-460F-8101-5A4A0BBFE860}.Debug|Any CPU.ActiveCfg = Debug|Any CPU
		{C447F229-0358-460F-8101-5A4A0BBFE860}.Debug|Any CPU.Build.0 = Debug|Any CPU
		{C447F229-0358-460F-8101-5A4A0BBFE860}.Release|Any CPU.ActiveCfg = Release|Any CPU
		{C447F229-0358-460F-8101-5A4A0BBFE860}.Release|Any CPU.Build.0 = Release|Any CPU
		{330365C1-0F30-47E9-8429-1701084D4A41}.Debug|Any CPU.ActiveCfg = Debug|Any CPU
		{330365C1-0F30-47E9-8429-1701084D4A41}.Debug|Any CPU.Build.0 = Debug|Any CPU
		{330365C1-0F30-47E9-8429-1701084D4A41}.Release|Any CPU.ActiveCfg = Release|Any CPU
		{330365C1-0F30-47E9-8429-1701084D4A41}.Release|Any CPU.Build.0 = Release|Any CPU
		{3DCE6742-16A8-4BD6-8516-E3732F254228}.Debug|Any CPU.ActiveCfg = Debug|Any CPU
		{3DCE6742-16A8-4BD6-8516-E3732F254228}.Debug|Any CPU.Build.0 = Debug|Any CPU
		{3DCE6742-16A8-4BD6-8516-E3732F254228}.Release|Any CPU.ActiveCfg = Release|Any CPU
		{3DCE6742-16A8-4BD6-8516-E3732F254228}.Release|Any CPU.Build.0 = Release|Any CPU
		{AE0D3761-42DC-42AE-9DAC-D36E24C5118B}.Debug|Any CPU.ActiveCfg = Debug|Any CPU
		{AE0D3761-42DC-42AE-9DAC-D36E24C5118B}.Debug|Any CPU.Build.0 = Debug|Any CPU
		{AE0D3761-42DC-42AE-9DAC-D36E24C5118B}.Release|Any CPU.ActiveCfg = Release|Any CPU
		{AE0D3761-42DC-42AE-9DAC-D36E24C5118B}.Release|Any CPU.Build.0 = Release|Any CPU
	EndGlobalSection
	GlobalSection(SolutionProperties) = preSolution
		HideSolutionNode = FALSE
	EndGlobalSection
	GlobalSection(NestedProjects) = preSolution
		{7CAA1D5B-8F7D-4DE4-89B1-D354415BF2F1} = {93CAF8B3-130E-4C20-8D67-F2FE51FBFC05}
		{3A00688E-54CF-453C-B026-BE81F120D1A8} = {93CAF8B3-130E-4C20-8D67-F2FE51FBFC05}
		{C447F229-0358-460F-8101-5A4A0BBFE860} = {93CAF8B3-130E-4C20-8D67-F2FE51FBFC05}
		{330365C1-0F30-47E9-8429-1701084D4A41} = {D8FF2361-B948-4C35-8253-C0A1246AB34E}
		{3DCE6742-16A8-4BD6-8516-E3732F254228} = {D8FF2361-B948-4C35-8253-C0A1246AB34E}
		{AE0D3761-42DC-42AE-9DAC-D36E24C5118B} = {D8FF2361-B948-4C35-8253-C0A1246AB34E}
	EndGlobalSection
	GlobalSection(ExtensibilityGlobals) = postSolution
		SolutionGuid = {F2C63A9C-F790-49E1-B1D3-BA73B1F58C95}
	EndGlobalSection
EndGlobal
